
Microsoft Visual Studio Solution File, Format Version 12.00
# Visual Studio 15
VisualStudioVersion = 15.0.26228.52
MinimumVisualStudioVersion = 10.0.40219.1
Project("{FAE04EC0-301F-11D3-BF4B-00C04F79EFBC}") = "Jgamerclub", "Jgamerclub\Jgamerclub.csproj", "{38C20B10-2BCF-4A92-8B95-92F0ACA366E8}"
EndProject
Global
	GlobalSection(SolutionConfigurationPlatforms) = preSolution
		Debug|Any CPU = Debug|Any CPU
		Release|Any CPU = Release|Any CPU
	EndGlobalSection
	GlobalSection(ProjectConfigurationPlatforms) = postSolution
		{38C20B10-2BCF-4A92-8B95-92F0ACA366E8}.Debug|Any CPU.ActiveCfg = Debug|Any CPU
		{38C20B10-2BCF-4A92-8B95-92F0ACA366E8}.Debug|Any CPU.Build.0 = Debug|Any CPU
		{38C20B10-2BCF-4A92-8B95-92F0ACA366E8}.Release|Any CPU.ActiveCfg = Release|Any CPU
		{38C20B10-2BCF-4A92-8B95-92F0ACA366E8}.Release|Any CPU.Build.0 = Release|Any CPU
	EndGlobalSection
	GlobalSection(SolutionProperties) = preSolution
		HideSolutionNode = FALSE
	EndGlobalSection
	GlobalSection(ExtensibilityGlobals) = postSolution
		SolutionGuid = {089FBE4F-8621-4340-9C67-67B12B6243D4}
	EndGlobalSection
EndGlobal
